{
    "_readme": [
        "This file locks the dependencies of your project to a known state",
        "Read more about it at https://getcomposer.org/doc/01-basic-usage.md#installing-dependencies",
        "This file is @generated automatically"
    ],
    "content-hash": "683a5d2fc9be698fc3a57ea4c9b79a01",
    "packages": [
        {
            "name": "jc-plugins/jc-plugins",
            "version": "dev-master",
            "source": {
                "type": "git",
                "url": "https://github.com/iOrchK/jc-plugins-jc-plugins.git",
                "reference": "03dda2b74cc16442e65fb50c4eae573d5c9cdd80"
            },
            "dist": {
                "type": "zip",
                "url": "https://api.github.com/repos/iOrchK/jc-plugins-jc-plugins/zipball/03dda2b74cc16442e65fb50c4eae573d5c9cdd80",
                "reference": "03dda2b74cc16442e65fb50c4eae573d5c9cdd80",
                "shasum": ""
            },
            "type": "library",
            "notification-url": "https://packagist.org/downloads/",
            "license": [
                "MIT"
            ],
            "authors": [
                {
                    "name": "Jorge Chable",
                    "role": "Developer"
                }
            ],
            "description": "This plugin display a list of users, and show the detail by clicking one, by requesting an API of testing.",
            "homepage": "https://github.com/iOrchK/jc-plugins-jc-plugins",
            "keywords": [
                "get list",
                "module",
                "view detail"
            ],
            "time": "2020-03-13T01:23:50+00:00"
        }
    ],
    "packages-dev": [],
    "aliases": [],
    "minimum-stability": "dev",
    "stability-flags": {
        "jc-plugins/jc-plugins": 20
    },
    "prefer-stable": false,
    "prefer-lowest": false,
    "platform": [],
    "platform-dev": []
}
